
Microsoft Visual Studio Solution File, Format Version 12.00
# Visual Studio Version 17
VisualStudioVersion = 17.7.34024.191
MinimumVisualStudioVersion = 10.0.40219.1
Project("{9A19103F-16F7-4668-BE54-9A1E7A4F7556}") = "hg_brasil_finance", "hg_brasil_finance\hg_brasil_finance.csproj", "{40B1005B-F6BD-46F4-954A-411120AAED25}"
EndProject
Project("{9A19103F-16F7-4668-BE54-9A1E7A4F7556}") = "hg_brasil_finance.test", "hg_brasil_finance.test\hg_brasil_finance.test.csproj", "{F99DA3CF-4238-46E4-9192-6BCCB64A6EC3}"
EndProject
Global
	GlobalSection(SolutionConfigurationPlatforms) = preSolution
		Debug|Any CPU = Debug|Any CPU
		Release|Any CPU = Release|Any CPU
	EndGlobalSection
	GlobalSection(ProjectConfigurationPlatforms) = postSolution
		{40B1005B-F6BD-46F4-954A-411120AAED25}.Debug|Any CPU.ActiveCfg = Debug|Any CPU
		{40B1005B-F6BD-46F4-954A-411120AAED25}.Debug|Any CPU.Build.0 = Debug|Any CPU
		{40B1005B-F6BD-46F4-954A-411120AAED25}.Release|Any CPU.ActiveCfg = Release|Any CPU
		{40B1005B-F6BD-46F4-954A-411120AAED25}.Release|Any CPU.Build.0 = Release|Any CPU
		{F99DA3CF-4238-46E4-9192-6BCCB64A6EC3}.Debug|Any CPU.ActiveCfg = Debug|Any CPU
		{F99DA3CF-4238-46E4-9192-6BCCB64A6EC3}.Debug|Any CPU.Build.0 = Debug|Any CPU
		{F99DA3CF-4238-46E4-9192-6BCCB64A6EC3}.Release|Any CPU.ActiveCfg = Release|Any CPU
		{F99DA3CF-4238-46E4-9192-6BCCB64A6EC3}.Release|Any CPU.Build.0 = Release|Any CPU
	EndGlobalSection
	GlobalSection(SolutionProperties) = preSolution
		HideSolutionNode = FALSE
	EndGlobalSection
	GlobalSection(ExtensibilityGlobals) = postSolution
		SolutionGuid = {0DE888B1-E4E2-4D38-9ECF-19A3ECD64547}
	EndGlobalSection
EndGlobal
